
Microsoft Visual Studio Solution File, Format Version 11.00
# Visual Studio 2010
# SharpDevelop 4.4
Project("{FD48973F-F585-4F70-812B-4D0503B36CE9}") = "Pg435TicketSalesPython", "Pg435TicketSalesPython.pyproj", "{1955C72E-370C-4CDC-AB83-5D5BC9FDAEFF}"
EndProject
Global
	GlobalSection(SolutionConfigurationPlatforms) = preSolution
		Debug|Any CPU = Debug|Any CPU
		Release|Any CPU = Release|Any CPU
	EndGlobalSection
	GlobalSection(ProjectConfigurationPlatforms) = postSolution
		{1955C72E-370C-4CDC-AB83-5D5BC9FDAEFF}.Debug|Any CPU.Build.0 = Debug|Any CPU
		{1955C72E-370C-4CDC-AB83-5D5BC9FDAEFF}.Debug|Any CPU.ActiveCfg = Debug|Any CPU
		{1955C72E-370C-4CDC-AB83-5D5BC9FDAEFF}.Release|Any CPU.Build.0 = Release|Any CPU
		{1955C72E-370C-4CDC-AB83-5D5BC9FDAEFF}.Release|Any CPU.ActiveCfg = Release|Any CPU
	EndGlobalSection
EndGlobal
