
Microsoft Visual Studio Solution File, Format Version 12.00
# Visual Studio Version 17
VisualStudioVersion = 17.0.32014.148
MinimumVisualStudioVersion = 10.0.40219.1
Project("{FAE04EC0-301F-11D3-BF4B-00C04F79EFBC}") = "HelloWorld", "HelloWorld\HelloWorld.csproj", "{B2DD2797-D4F1-420F-87F1-281E86E46AC2}"
EndProject
Project("{9A19103F-16F7-4668-BE54-9A1E7A4F7556}") = "HelloName", "HelloName\HelloName.csproj", "{31F86147-37F9-4003-A5C0-59413DC9D358}"
EndProject
Project("{9A19103F-16F7-4668-BE54-9A1E7A4F7556}") = "prog54b", "prog54b\prog54b.csproj", "{DBA18EDA-0DC7-4519-A96C-3E0924CEF426}"
EndProject
Project("{9A19103F-16F7-4668-BE54-9A1E7A4F7556}") = "prog54c", "prof54c\prog54c.csproj", "{83375382-9DA7-4F86-AFD3-9D0CE3B2FE57}"
EndProject
Project("{9A19103F-16F7-4668-BE54-9A1E7A4F7556}") = "prog54d", "prog54d\prog54d.csproj", "{4923F1AD-24DC-476F-B8B3-6ACCD1A234CC}"
EndProject
Project("{FAE04EC0-301F-11D3-BF4B-00C04F79EFBC}") = "prog54a", "prog54a\prog54a.csproj", "{D6B226A9-7FBA-40BF-8A8A-1ED2BA0226F4}"
EndProject
Project("{9A19103F-16F7-4668-BE54-9A1E7A4F7556}") = "prog88a", "prog88a\prog88a.csproj", "{9EA320FD-60B3-4858-8CD5-50A8B127DE9D}"
EndProject
Project("{9A19103F-16F7-4668-BE54-9A1E7A4F7556}") = "LP4-5", "LP4-5\LP4-5.csproj", "{5907E7E9-4FA2-4D30-888E-D1309C79AFFD}"
EndProject
Project("{9A19103F-16F7-4668-BE54-9A1E7A4F7556}") = "LP4-1", "LP4-1\LP4-1.csproj", "{1727971B-5EE5-4352-AA0B-2396F8C8D79F}"
EndProject
Project("{FAE04EC0-301F-11D3-BF4B-00C04F79EFBC}") = "AboutMe", "AboutMe\AboutMe.csproj", "{1E5D5060-2339-45A9-98C2-890ECC3B61E8}"
EndProject
Project("{FAE04EC0-301F-11D3-BF4B-00C04F79EFBC}") = "prog85c", "prog85c\prog85c.csproj", "{8F252803-A0C0-4C2E-9AFB-C065751C2CDE}"
EndProject
Project("{FAE04EC0-301F-11D3-BF4B-00C04F79EFBC}") = "prog122a", "prog122a\prog122a.csproj", "{2F041772-6267-487A-BB52-75E9D3D24C9D}"
EndProject
Project("{FAE04EC0-301F-11D3-BF4B-00C04F79EFBC}") = "prog310a", "prog310a\prog310a.csproj", "{2554C00A-4498-4686-BBD7-8C84977DB18D}"
EndProject
Project("{FAE04EC0-301F-11D3-BF4B-00C04F79EFBC}") = "prog535CatchMe", "prog535CatchMe\prog535CatchMe.csproj", "{C6108733-78CE-44DE-8B9B-A2AE9527DD21}"
EndProject
Project("{9A19103F-16F7-4668-BE54-9A1E7A4F7556}") = "CalcWithFunctions", "CalcWithFunctions\CalcWithFunctions.csproj", "{D5FAED9F-3377-47A5-8116-D62340DA534E}"
EndProject
Project("{FAE04EC0-301F-11D3-BF4B-00C04F79EFBC}") = "pg435TicketSales", "pg435TicketSales\pg435TicketSales.csproj", "{9D28DE71-C37A-4070-9684-E3D5B865A40F}"
EndProject
Project("{9A19103F-16F7-4668-BE54-9A1E7A4F7556}") = "prog366b", "prog366b\prog366b.csproj", "{82A15E67-1A41-477B-8EE1-396AC72584B2}"
EndProject
Project("{FAE04EC0-301F-11D3-BF4B-00C04F79EFBC}") = "pg347", "pg347\pg347.csproj", "{0CE76F11-7EFB-4623-A0DD-149BCAB697E0}"
EndProject
Project("{FAE04EC0-301F-11D3-BF4B-00C04F79EFBC}") = "pg498Payroll", "pg498Payroll\pg498Payroll.csproj", "{478ADDD2-CAF4-43DA-B314-C15EF06E3EF9}"
EndProject
Global
	GlobalSection(SolutionConfigurationPlatforms) = preSolution
		Debug|Any CPU = Debug|Any CPU
		Release|Any CPU = Release|Any CPU
	EndGlobalSection
	GlobalSection(ProjectConfigurationPlatforms) = postSolution
		{B2DD2797-D4F1-420F-87F1-281E86E46AC2}.Debug|Any CPU.ActiveCfg = Debug|Any CPU
		{B2DD2797-D4F1-420F-87F1-281E86E46AC2}.Debug|Any CPU.Build.0 = Debug|Any CPU
		{B2DD2797-D4F1-420F-87F1-281E86E46AC2}.Release|Any CPU.ActiveCfg = Release|Any CPU
		{B2DD2797-D4F1-420F-87F1-281E86E46AC2}.Release|Any CPU.Build.0 = Release|Any CPU
		{31F86147-37F9-4003-A5C0-59413DC9D358}.Debug|Any CPU.ActiveCfg = Debug|Any CPU
		{31F86147-37F9-4003-A5C0-59413DC9D358}.Debug|Any CPU.Build.0 = Debug|Any CPU
		{31F86147-37F9-4003-A5C0-59413DC9D358}.Release|Any CPU.ActiveCfg = Release|Any CPU
		{31F86147-37F9-4003-A5C0-59413DC9D358}.Release|Any CPU.Build.0 = Release|Any CPU
		{DBA18EDA-0DC7-4519-A96C-3E0924CEF426}.Debug|Any CPU.ActiveCfg = Debug|Any CPU
		{DBA18EDA-0DC7-4519-A96C-3E0924CEF426}.Debug|Any CPU.Build.0 = Debug|Any CPU
		{DBA18EDA-0DC7-4519-A96C-3E0924CEF426}.Release|Any CPU.ActiveCfg = Release|Any CPU
		{DBA18EDA-0DC7-4519-A96C-3E0924CEF426}.Release|Any CPU.Build.0 = Release|Any CPU
		{83375382-9DA7-4F86-AFD3-9D0CE3B2FE57}.Debug|Any CPU.ActiveCfg = Debug|Any CPU
		{83375382-9DA7-4F86-AFD3-9D0CE3B2FE57}.Debug|Any CPU.Build.0 = Debug|Any CPU
		{83375382-9DA7-4F86-AFD3-9D0CE3B2FE57}.Release|Any CPU.ActiveCfg = Release|Any CPU
		{83375382-9DA7-4F86-AFD3-9D0CE3B2FE57}.Release|Any CPU.Build.0 = Release|Any CPU
		{4923F1AD-24DC-476F-B8B3-6ACCD1A234CC}.Debug|Any CPU.ActiveCfg = Debug|Any CPU
		{4923F1AD-24DC-476F-B8B3-6ACCD1A234CC}.Debug|Any CPU.Build.0 = Debug|Any CPU
		{4923F1AD-24DC-476F-B8B3-6ACCD1A234CC}.Release|Any CPU.ActiveCfg = Release|Any CPU
		{4923F1AD-24DC-476F-B8B3-6ACCD1A234CC}.Release|Any CPU.Build.0 = Release|Any CPU
		{D6B226A9-7FBA-40BF-8A8A-1ED2BA0226F4}.Debug|Any CPU.ActiveCfg = Debug|Any CPU
		{D6B226A9-7FBA-40BF-8A8A-1ED2BA0226F4}.Debug|Any CPU.Build.0 = Debug|Any CPU
		{D6B226A9-7FBA-40BF-8A8A-1ED2BA0226F4}.Release|Any CPU.ActiveCfg = Release|Any CPU
		{D6B226A9-7FBA-40BF-8A8A-1ED2BA0226F4}.Release|Any CPU.Build.0 = Release|Any CPU
		{9EA320FD-60B3-4858-8CD5-50A8B127DE9D}.Debug|Any CPU.ActiveCfg = Debug|Any CPU
		{9EA320FD-60B3-4858-8CD5-50A8B127DE9D}.Debug|Any CPU.Build.0 = Debug|Any CPU
		{9EA320FD-60B3-4858-8CD5-50A8B127DE9D}.Release|Any CPU.ActiveCfg = Release|Any CPU
		{9EA320FD-60B3-4858-8CD5-50A8B127DE9D}.Release|Any CPU.Build.0 = Release|Any CPU
		{5907E7E9-4FA2-4D30-888E-D1309C79AFFD}.Debug|Any CPU.ActiveCfg = Debug|Any CPU
		{5907E7E9-4FA2-4D30-888E-D1309C79AFFD}.Debug|Any CPU.Build.0 = Debug|Any CPU
		{5907E7E9-4FA2-4D30-888E-D1309C79AFFD}.Release|Any CPU.ActiveCfg = Release|Any CPU
		{5907E7E9-4FA2-4D30-888E-D1309C79AFFD}.Release|Any CPU.Build.0 = Release|Any CPU
		{1727971B-5EE5-4352-AA0B-2396F8C8D79F}.Debug|Any CPU.ActiveCfg = Debug|Any CPU
		{1727971B-5EE5-4352-AA0B-2396F8C8D79F}.Debug|Any CPU.Build.0 = Debug|Any CPU
		{1727971B-5EE5-4352-AA0B-2396F8C8D79F}.Release|Any CPU.ActiveCfg = Release|Any CPU
		{1727971B-5EE5-4352-AA0B-2396F8C8D79F}.Release|Any CPU.Build.0 = Release|Any CPU
		{1E5D5060-2339-45A9-98C2-890ECC3B61E8}.Debug|Any CPU.ActiveCfg = Debug|Any CPU
		{1E5D5060-2339-45A9-98C2-890ECC3B61E8}.Debug|Any CPU.Build.0 = Debug|Any CPU
		{1E5D5060-2339-45A9-98C2-890ECC3B61E8}.Release|Any CPU.ActiveCfg = Release|Any CPU
		{1E5D5060-2339-45A9-98C2-890ECC3B61E8}.Release|Any CPU.Build.0 = Release|Any CPU
		{8F252803-A0C0-4C2E-9AFB-C065751C2CDE}.Debug|Any CPU.ActiveCfg = Debug|Any CPU
		{8F252803-A0C0-4C2E-9AFB-C065751C2CDE}.Debug|Any CPU.Build.0 = Debug|Any CPU
		{8F252803-A0C0-4C2E-9AFB-C065751C2CDE}.Release|Any CPU.ActiveCfg = Release|Any CPU
		{8F252803-A0C0-4C2E-9AFB-C065751C2CDE}.Release|Any CPU.Build.0 = Release|Any CPU
		{2F041772-6267-487A-BB52-75E9D3D24C9D}.Debug|Any CPU.ActiveCfg = Debug|Any CPU
		{2F041772-6267-487A-BB52-75E9D3D24C9D}.Debug|Any CPU.Build.0 = Debug|Any CPU
		{2F041772-6267-487A-BB52-75E9D3D24C9D}.Release|Any CPU.ActiveCfg = Release|Any CPU
		{2F041772-6267-487A-BB52-75E9D3D24C9D}.Release|Any CPU.Build.0 = Release|Any CPU
		{2554C00A-4498-4686-BBD7-8C84977DB18D}.Debug|Any CPU.ActiveCfg = Debug|Any CPU
		{2554C00A-4498-4686-BBD7-8C84977DB18D}.Debug|Any CPU.Build.0 = Debug|Any CPU
		{2554C00A-4498-4686-BBD7-8C84977DB18D}.Release|Any CPU.ActiveCfg = Release|Any CPU
		{2554C00A-4498-4686-BBD7-8C84977DB18D}.Release|Any CPU.Build.0 = Release|Any CPU
		{C6108733-78CE-44DE-8B9B-A2AE9527DD21}.Debug|Any CPU.ActiveCfg = Debug|Any CPU
		{C6108733-78CE-44DE-8B9B-A2AE9527DD21}.Debug|Any CPU.Build.0 = Debug|Any CPU
		{C6108733-78CE-44DE-8B9B-A2AE9527DD21}.Release|Any CPU.ActiveCfg = Release|Any CPU
		{C6108733-78CE-44DE-8B9B-A2AE9527DD21}.Release|Any CPU.Build.0 = Release|Any CPU
		{D5FAED9F-3377-47A5-8116-D62340DA534E}.Debug|Any CPU.ActiveCfg = Debug|Any CPU
		{D5FAED9F-3377-47A5-8116-D62340DA534E}.Debug|Any CPU.Build.0 = Debug|Any CPU
		{D5FAED9F-3377-47A5-8116-D62340DA534E}.Release|Any CPU.ActiveCfg = Release|Any CPU
		{D5FAED9F-3377-47A5-8116-D62340DA534E}.Release|Any CPU.Build.0 = Release|Any CPU
		{9D28DE71-C37A-4070-9684-E3D5B865A40F}.Debug|Any CPU.ActiveCfg = Debug|Any CPU
		{9D28DE71-C37A-4070-9684-E3D5B865A40F}.Debug|Any CPU.Build.0 = Debug|Any CPU
		{9D28DE71-C37A-4070-9684-E3D5B865A40F}.Release|Any CPU.ActiveCfg = Release|Any CPU
		{9D28DE71-C37A-4070-9684-E3D5B865A40F}.Release|Any CPU.Build.0 = Release|Any CPU
		{82A15E67-1A41-477B-8EE1-396AC72584B2}.Debug|Any CPU.ActiveCfg = Debug|Any CPU
		{82A15E67-1A41-477B-8EE1-396AC72584B2}.Debug|Any CPU.Build.0 = Debug|Any CPU
		{82A15E67-1A41-477B-8EE1-396AC72584B2}.Release|Any CPU.ActiveCfg = Release|Any CPU
		{82A15E67-1A41-477B-8EE1-396AC72584B2}.Release|Any CPU.Build.0 = Release|Any CPU
		{0CE76F11-7EFB-4623-A0DD-149BCAB697E0}.Debug|Any CPU.ActiveCfg = Debug|Any CPU
		{0CE76F11-7EFB-4623-A0DD-149BCAB697E0}.Debug|Any CPU.Build.0 = Debug|Any CPU
		{0CE76F11-7EFB-4623-A0DD-149BCAB697E0}.Release|Any CPU.ActiveCfg = Release|Any CPU
		{0CE76F11-7EFB-4623-A0DD-149BCAB697E0}.Release|Any CPU.Build.0 = Release|Any CPU
		{478ADDD2-CAF4-43DA-B314-C15EF06E3EF9}.Debug|Any CPU.ActiveCfg = Debug|Any CPU
		{478ADDD2-CAF4-43DA-B314-C15EF06E3EF9}.Debug|Any CPU.Build.0 = Debug|Any CPU
		{478ADDD2-CAF4-43DA-B314-C15EF06E3EF9}.Release|Any CPU.ActiveCfg = Release|Any CPU
		{478ADDD2-CAF4-43DA-B314-C15EF06E3EF9}.Release|Any CPU.Build.0 = Release|Any CPU
	EndGlobalSection
	GlobalSection(SolutionProperties) = preSolution
		HideSolutionNode = FALSE
	EndGlobalSection
	GlobalSection(ExtensibilityGlobals) = postSolution
		SolutionGuid = {F8239AF6-A90B-4120-86AB-1E5E7DB101A9}
	EndGlobalSection
EndGlobal
