
Microsoft Visual Studio Solution File, Format Version 12.00
# Visual Studio Version 17
VisualStudioVersion = 17.0.32014.148
MinimumVisualStudioVersion = 10.0.40219.1
Project("{FAE04EC0-301F-11D3-BF4B-00C04F79EFBC}") = "HelloWorld", "HelloWorld\HelloWorld.csproj", "{B2DD2797-D4F1-420F-87F1-281E86E46AC2}"
EndProject
Project("{FAE04EC0-301F-11D3-BF4B-00C04F79EFBC}") = "HelloName", "HelloName\HelloName.csproj", "{31F86147-37F9-4003-A5C0-59413DC9D358}"
EndProject
Global
	GlobalSection(SolutionConfigurationPlatforms) = preSolution
		Debug|Any CPU = Debug|Any CPU
		Release|Any CPU = Release|Any CPU
	EndGlobalSection
	GlobalSection(ProjectConfigurationPlatforms) = postSolution
		{B2DD2797-D4F1-420F-87F1-281E86E46AC2}.Debug|Any CPU.ActiveCfg = Debug|Any CPU
		{B2DD2797-D4F1-420F-87F1-281E86E46AC2}.Debug|Any CPU.Build.0 = Debug|Any CPU
		{B2DD2797-D4F1-420F-87F1-281E86E46AC2}.Release|Any CPU.ActiveCfg = Release|Any CPU
		{B2DD2797-D4F1-420F-87F1-281E86E46AC2}.Release|Any CPU.Build.0 = Release|Any CPU
		{31F86147-37F9-4003-A5C0-59413DC9D358}.Debug|Any CPU.ActiveCfg = Debug|Any CPU
		{31F86147-37F9-4003-A5C0-59413DC9D358}.Debug|Any CPU.Build.0 = Debug|Any CPU
		{31F86147-37F9-4003-A5C0-59413DC9D358}.Release|Any CPU.ActiveCfg = Release|Any CPU
		{31F86147-37F9-4003-A5C0-59413DC9D358}.Release|Any CPU.Build.0 = Release|Any CPU
	EndGlobalSection
	GlobalSection(SolutionProperties) = preSolution
		HideSolutionNode = FALSE
	EndGlobalSection
	GlobalSection(ExtensibilityGlobals) = postSolution
		SolutionGuid = {F8239AF6-A90B-4120-86AB-1E5E7DB101A9}
	EndGlobalSection
EndGlobal
