
Microsoft Visual Studio Solution File, Format Version 11.00
# Visual Studio 2010
# SharpDevelop 4.4
Project("{FD48973F-F585-4F70-812B-4D0503B36CE9}") = "pg272LongDistance", "pg272LongDistance.pyproj", "{D8C8DCF6-E205-4F19-A02F-E8DDE2F5F1F4}"
EndProject
Global
	GlobalSection(SolutionConfigurationPlatforms) = preSolution
		Debug|Any CPU = Debug|Any CPU
		Release|Any CPU = Release|Any CPU
	EndGlobalSection
	GlobalSection(ProjectConfigurationPlatforms) = postSolution
		{D8C8DCF6-E205-4F19-A02F-E8DDE2F5F1F4}.Debug|Any CPU.Build.0 = Debug|Any CPU
		{D8C8DCF6-E205-4F19-A02F-E8DDE2F5F1F4}.Debug|Any CPU.ActiveCfg = Debug|Any CPU
		{D8C8DCF6-E205-4F19-A02F-E8DDE2F5F1F4}.Release|Any CPU.Build.0 = Release|Any CPU
		{D8C8DCF6-E205-4F19-A02F-E8DDE2F5F1F4}.Release|Any CPU.ActiveCfg = Release|Any CPU
	EndGlobalSection
EndGlobal
