
Microsoft Visual Studio Solution File, Format Version 11.00
# Visual Studio 2010
# SharpDevelop 4.4
Project("{FD48973F-F585-4F70-812B-4D0503B36CE9}") = "Prog52a", "Prog52a.pyproj", "{F75888EE-7B8E-498F-A039-B9D5E4E9ADAD}"
EndProject
Global
	GlobalSection(SolutionConfigurationPlatforms) = preSolution
		Debug|Any CPU = Debug|Any CPU
		Release|Any CPU = Release|Any CPU
	EndGlobalSection
	GlobalSection(ProjectConfigurationPlatforms) = postSolution
		{F75888EE-7B8E-498F-A039-B9D5E4E9ADAD}.Debug|Any CPU.Build.0 = Debug|Any CPU
		{F75888EE-7B8E-498F-A039-B9D5E4E9ADAD}.Debug|Any CPU.ActiveCfg = Debug|Any CPU
		{F75888EE-7B8E-498F-A039-B9D5E4E9ADAD}.Release|Any CPU.Build.0 = Release|Any CPU
		{F75888EE-7B8E-498F-A039-B9D5E4E9ADAD}.Release|Any CPU.ActiveCfg = Release|Any CPU
	EndGlobalSection
EndGlobal
