
Microsoft Visual Studio Solution File, Format Version 11.00
# Visual Studio 2010
# SharpDevelop 4.4
Project("{FD48973F-F585-4F70-812B-4D0503B36CE9}") = "pg848DormAndMealPlans", "pg848DormAndMealPlans.pyproj", "{5108EFE3-B7D3-43C4-BD54-F60C895D5AFC}"
EndProject
Global
	GlobalSection(SolutionConfigurationPlatforms) = preSolution
		Debug|Any CPU = Debug|Any CPU
		Release|Any CPU = Release|Any CPU
	EndGlobalSection
	GlobalSection(ProjectConfigurationPlatforms) = postSolution
		{5108EFE3-B7D3-43C4-BD54-F60C895D5AFC}.Debug|Any CPU.Build.0 = Debug|Any CPU
		{5108EFE3-B7D3-43C4-BD54-F60C895D5AFC}.Debug|Any CPU.ActiveCfg = Debug|Any CPU
		{5108EFE3-B7D3-43C4-BD54-F60C895D5AFC}.Release|Any CPU.Build.0 = Release|Any CPU
		{5108EFE3-B7D3-43C4-BD54-F60C895D5AFC}.Release|Any CPU.ActiveCfg = Release|Any CPU
	EndGlobalSection
EndGlobal
