
Microsoft Visual Studio Solution File, Format Version 11.00
# Visual Studio 2010
# SharpDevelop 4.4
Project("{FD48973F-F585-4F70-812B-4D0503B36CE9}") = "prog166e", "prog166e.pyproj", "{DE604347-46C1-4269-968D-98749D1B6C7A}"
EndProject
Global
	GlobalSection(SolutionConfigurationPlatforms) = preSolution
		Debug|Any CPU = Debug|Any CPU
		Release|Any CPU = Release|Any CPU
	EndGlobalSection
	GlobalSection(ProjectConfigurationPlatforms) = postSolution
		{DE604347-46C1-4269-968D-98749D1B6C7A}.Debug|Any CPU.Build.0 = Debug|Any CPU
		{DE604347-46C1-4269-968D-98749D1B6C7A}.Debug|Any CPU.ActiveCfg = Debug|Any CPU
		{DE604347-46C1-4269-968D-98749D1B6C7A}.Release|Any CPU.Build.0 = Release|Any CPU
		{DE604347-46C1-4269-968D-98749D1B6C7A}.Release|Any CPU.ActiveCfg = Release|Any CPU
	EndGlobalSection
EndGlobal
