
Microsoft Visual Studio Solution File, Format Version 11.00
# Visual Studio 2010
# SharpDevelop 4.4
Project("{FD48973F-F585-4F70-812B-4D0503B36CE9}") = "LP37", "LP37.pyproj", "{F6E44CDB-9DCE-487E-B58B-CC841ABA32E9}"
EndProject
Global
	GlobalSection(SolutionConfigurationPlatforms) = preSolution
		Debug|Any CPU = Debug|Any CPU
		Release|Any CPU = Release|Any CPU
	EndGlobalSection
	GlobalSection(ProjectConfigurationPlatforms) = postSolution
		{F6E44CDB-9DCE-487E-B58B-CC841ABA32E9}.Debug|Any CPU.Build.0 = Debug|Any CPU
		{F6E44CDB-9DCE-487E-B58B-CC841ABA32E9}.Debug|Any CPU.ActiveCfg = Debug|Any CPU
		{F6E44CDB-9DCE-487E-B58B-CC841ABA32E9}.Release|Any CPU.Build.0 = Release|Any CPU
		{F6E44CDB-9DCE-487E-B58B-CC841ABA32E9}.Release|Any CPU.ActiveCfg = Release|Any CPU
	EndGlobalSection
EndGlobal
